
Microsoft Visual Studio Solution File, Format Version 12.00
# Visual Studio Version 17
VisualStudioVersion = 17.4.33213.308
MinimumVisualStudioVersion = 10.0.40219.1
Project("{FAE04EC0-301F-11D3-BF4B-00C04F79EFBC}") = "ProfitJetTest_new", "ProfitJetTest_new.csproj", "{1184DAF2-E312-420E-9941-E8995242F466}"
EndProject
Global
	GlobalSection(SolutionConfigurationPlatforms) = preSolution
		Debug|Any CPU = Debug|Any CPU
		Release|Any CPU = Release|Any CPU
	EndGlobalSection
	GlobalSection(ProjectConfigurationPlatforms) = postSolution
		{1184DAF2-E312-420E-9941-E8995242F466}.Debug|Any CPU.ActiveCfg = Debug|Any CPU
		{1184DAF2-E312-420E-9941-E8995242F466}.Debug|Any CPU.Build.0 = Debug|Any CPU
		{1184DAF2-E312-420E-9941-E8995242F466}.Release|Any CPU.ActiveCfg = Release|Any CPU
		{1184DAF2-E312-420E-9941-E8995242F466}.Release|Any CPU.Build.0 = Release|Any CPU
	EndGlobalSection
	GlobalSection(SolutionProperties) = preSolution
		HideSolutionNode = FALSE
	EndGlobalSection
	GlobalSection(ExtensibilityGlobals) = postSolution
		SolutionGuid = {EFD377F2-E6AA-409C-B465-A488D61B8734}
	EndGlobalSection
EndGlobal
